<?xml version="1.0" encoding="utf-8"?>
<Project ToolsVersion="4.0" xmlns="http://schemas.microsoft.com/developer/msbuild/2003">
  <ItemGroup>
    <ClCompile Include="Animation.cpp" />
    <ClCompile Include="AssetManager.cpp" />
    <ClCompile Include="Entity.cpp" />
    <ClCompile Include="EntityModel.cpp" />
    <ClCompile Include="Game.cpp" />
    <ClCompile Include="GameServer.cpp" />
    <ClCompile Include="GameState.cpp" />
    <ClCompile Include="InputManager.cpp" />
    <ClCompile Include="JoiningState.cpp" />
    <ClCompile Include="Level.cpp" />
    <ClCompile Include="main.cpp" />
    <ClCompile Include="MainMenuState.cpp" />
    <ClCompile Include="Maze.cpp" />
    <ClCompile Include="MazeConfig.cpp" />
    <ClCompile Include="MazeRender.cpp" />
    <ClCompile Include="Move.cpp" />
    <ClCompile Include="MoveList.cpp" />
    <ClCompile Include="SplashState.cpp" />
    <ClCompile Include="StateMachine.cpp" />
    <ClCompile Include="Timing.cpp" />
  </ItemGroup>
  <ItemGroup>
    <ClInclude Include="DEFINITIONS.h" />
    <ClInclude Include="Entity.h" />
    <ClInclude Include="EntityModel.h" />
    <ClInclude Include="Game.h" />
    <ClInclude Include="GameServer.h" />
    <ClInclude Include="GameState.h" />
    <ClInclude Include="InputManager.h" />
    <ClInclude Include="JoiningState.h" />
    <ClInclude Include="Level.h" />
    <ClInclude Include="MainMenuState.h" />
    <ClInclude Include="Maze.h" />
    <ClInclude Include="MazeConfig.h" />
    <ClInclude Include="MazeRender.h" />
    <ClInclude Include="Move.h" />
    <ClInclude Include="MoveList.h" />
    <ClInclude Include="SplashState.h" />
    <ClInclude Include="State.h" />
    <ClInclude Include="StateMachine.h" />
    <ClInclude Include="Timing.h" />
    <ClInclude Include="Shared.h" />
    <ClInclude Include="IServerConnection.h" />
    <ClInclude Include="AssetManager.h" />
    <ClInclude Include="Animation.h" />
  </ItemGroup>
</Project>